// !$*UTF8*$!
{
	archiveVersion = 1;
	classes = {
	};
	objectVersion = 48;
	objects = {

/* Begin PBXBuildFile section */
		311048DD1FB0F873006E6570 /* AppDelegate.swift in Sources */ = {isa = PBXBuildFile; fileRef = 311048DC1FB0F873006E6570 /* AppDelegate.swift */; };
		311048DF1FB0F873006E6570 /* ViewController.swift in Sources */ = {isa = PBXBuildFile; fileRef = 311048DE1FB0F873006E6570 /* ViewController.swift */; };
		311048E41FB0F873006E6570 /* Assets.xcassets in Resources */ = {isa = PBXBuildFile; fileRef = 311048E31FB0F873006E6570 /* Assets.xcassets */; };
		311048E71FB0F873006E6570 /* LaunchScreen.storyboard in Resources */ = {isa = PBXBuildFile; fileRef = 311048E51FB0F873006E6570 /* LaunchScreen.storyboard */; };
		311048F71FB0FC45006E6570 /* KeyboardFrameChangeListener.h in Headers */ = {isa = PBXBuildFile; fileRef = 311048F51FB0FC45006E6570 /* KeyboardFrameChangeListener.h */; settings = {ATTRIBUTES = (Public, ); }; };
		311048FA1FB0FC45006E6570 /* KeyboardFrameChangeListener.framework in Frameworks */ = {isa = PBXBuildFile; fileRef = 311048F31FB0FC45006E6570 /* KeyboardFrameChangeListener.framework */; };
		311048FB1FB0FC45006E6570 /* KeyboardFrameChangeListener.framework in Embed Frameworks */ = {isa = PBXBuildFile; fileRef = 311048F31FB0FC45006E6570 /* KeyboardFrameChangeListener.framework */; settings = {ATTRIBUTES = (CodeSignOnCopy, RemoveHeadersOnCopy, ); }; };
		311049071FB0FD00006E6570 /* KeyboardFrameChangeListenerSpec.swift in Sources */ = {isa = PBXBuildFile; fileRef = 311049061FB0FD00006E6570 /* KeyboardFrameChangeListenerSpec.swift */; };
		311049091FB0FD00006E6570 /* KeyboardFrameChangeListener.framework in Frameworks */ = {isa = PBXBuildFile; fileRef = 311048F31FB0FC45006E6570 /* KeyboardFrameChangeListener.framework */; };
		311049101FB0FEE0006E6570 /* KeyboardFrameChangeListening.swift in Sources */ = {isa = PBXBuildFile; fileRef = 3110490F1FB0FEE0006E6570 /* KeyboardFrameChangeListening.swift */; };
		311049121FB0FEFA006E6570 /* KeyboardFrameChange.swift in Sources */ = {isa = PBXBuildFile; fileRef = 311049111FB0FEFA006E6570 /* KeyboardFrameChange.swift */; };
		311049141FB0FF2F006E6570 /* KeyboardFrameChangeListener.swift in Sources */ = {isa = PBXBuildFile; fileRef = 311049131FB0FF2F006E6570 /* KeyboardFrameChangeListener.swift */; };
		311049161FB10823006E6570 /* View.swift in Sources */ = {isa = PBXBuildFile; fileRef = 311049151FB10823006E6570 /* View.swift */; };
		C9E2DB36172F9FC660EB94C0 /* Pods_KeyboardFrameChangeListenerTests.framework in Frameworks */ = {isa = PBXBuildFile; fileRef = 2792DE68293CB94824F0FD0A /* Pods_KeyboardFrameChangeListenerTests.framework */; };
/* End PBXBuildFile section */

/* Begin PBXContainerItemProxy section */
		311048F81FB0FC45006E6570 /* PBXContainerItemProxy */ = {
			isa = PBXContainerItemProxy;
			containerPortal = 311048D11FB0F873006E6570 /* Project object */;
			proxyType = 1;
			remoteGlobalIDString = 311048F21FB0FC45006E6570;
			remoteInfo = KeyboardFrameChangeListener;
		};
		3110490A1FB0FD00006E6570 /* PBXContainerItemProxy */ = {
			isa = PBXContainerItemProxy;
			containerPortal = 311048D11FB0F873006E6570 /* Project object */;
			proxyType = 1;
			remoteGlobalIDString = 311048F21FB0FC45006E6570;
			remoteInfo = KeyboardFrameChangeListener;
		};
/* End PBXContainerItemProxy section */

/* Begin PBXCopyFilesBuildPhase section */
		311048FF1FB0FC45006E6570 /* Embed Frameworks */ = {
			isa = PBXCopyFilesBuildPhase;
			buildActionMask = 2147483647;
			dstPath = "";
			dstSubfolderSpec = 10;
			files = (
				311048FB1FB0FC45006E6570 /* KeyboardFrameChangeListener.framework in Embed Frameworks */,
			);
			name = "Embed Frameworks";
			runOnlyForDeploymentPostprocessing = 0;
		};
/* End PBXCopyFilesBuildPhase section */

/* Begin PBXFileReference section */
		2792DE68293CB94824F0FD0A /* Pods_KeyboardFrameChangeListenerTests.framework */ = {isa = PBXFileReference; explicitFileType = wrapper.framework; includeInIndex = 0; path = Pods_KeyboardFrameChangeListenerTests.framework; sourceTree = BUILT_PRODUCTS_DIR; };
		311048D91FB0F873006E6570 /* KeyboardFrameChangeListenerDemoApp.app */ = {isa = PBXFileReference; explicitFileType = wrapper.application; includeInIndex = 0; path = KeyboardFrameChangeListenerDemoApp.app; sourceTree = BUILT_PRODUCTS_DIR; };
		311048DC1FB0F873006E6570 /* AppDelegate.swift */ = {isa = PBXFileReference; lastKnownFileType = sourcecode.swift; path = AppDelegate.swift; sourceTree = "<group>"; };
		311048DE1FB0F873006E6570 /* ViewController.swift */ = {isa = PBXFileReference; lastKnownFileType = sourcecode.swift; path = ViewController.swift; sourceTree = "<group>"; };
		311048E31FB0F873006E6570 /* Assets.xcassets */ = {isa = PBXFileReference; lastKnownFileType = folder.assetcatalog; path = Assets.xcassets; sourceTree = "<group>"; };
		311048E61FB0F873006E6570 /* Base */ = {isa = PBXFileReference; lastKnownFileType = file.storyboard; name = Base; path = Base.lproj/LaunchScreen.storyboard; sourceTree = "<group>"; };
		311048E81FB0F873006E6570 /* Info.plist */ = {isa = PBXFileReference; lastKnownFileType = text.plist.xml; path = Info.plist; sourceTree = "<group>"; };
		311048F31FB0FC45006E6570 /* KeyboardFrameChangeListener.framework */ = {isa = PBXFileReference; explicitFileType = wrapper.framework; includeInIndex = 0; path = KeyboardFrameChangeListener.framework; sourceTree = BUILT_PRODUCTS_DIR; };
		311048F51FB0FC45006E6570 /* KeyboardFrameChangeListener.h */ = {isa = PBXFileReference; lastKnownFileType = sourcecode.c.h; path = KeyboardFrameChangeListener.h; sourceTree = "<group>"; };
		311048F61FB0FC45006E6570 /* Info.plist */ = {isa = PBXFileReference; lastKnownFileType = text.plist.xml; path = Info.plist; sourceTree = "<group>"; };
		311049041FB0FD00006E6570 /* KeyboardFrameChangeListenerTests.xctest */ = {isa = PBXFileReference; explicitFileType = wrapper.cfbundle; includeInIndex = 0; path = KeyboardFrameChangeListenerTests.xctest; sourceTree = BUILT_PRODUCTS_DIR; };
		311049061FB0FD00006E6570 /* KeyboardFrameChangeListenerSpec.swift */ = {isa = PBXFileReference; lastKnownFileType = sourcecode.swift; path = KeyboardFrameChangeListenerSpec.swift; sourceTree = "<group>"; };
		311049081FB0FD00006E6570 /* Info.plist */ = {isa = PBXFileReference; lastKnownFileType = text.plist.xml; path = Info.plist; sourceTree = "<group>"; };
		3110490F1FB0FEE0006E6570 /* KeyboardFrameChangeListening.swift */ = {isa = PBXFileReference; lastKnownFileType = sourcecode.swift; path = KeyboardFrameChangeListening.swift; sourceTree = "<group>"; };
		311049111FB0FEFA006E6570 /* KeyboardFrameChange.swift */ = {isa = PBXFileReference; lastKnownFileType = sourcecode.swift; path = KeyboardFrameChange.swift; sourceTree = "<group>"; };
		311049131FB0FF2F006E6570 /* KeyboardFrameChangeListener.swift */ = {isa = PBXFileReference; lastKnownFileType = sourcecode.swift; path = KeyboardFrameChangeListener.swift; sourceTree = "<group>"; };
		311049151FB10823006E6570 /* View.swift */ = {isa = PBXFileReference; lastKnownFileType = sourcecode.swift; path = View.swift; sourceTree = "<group>"; };
		63DBDA86647288D5421CC3DC /* Pods_KeyboardFrameChangeListenerDemoApp.framework */ = {isa = PBXFileReference; explicitFileType = wrapper.framework; includeInIndex = 0; path = Pods_KeyboardFrameChangeListenerDemoApp.framework; sourceTree = BUILT_PRODUCTS_DIR; };
		6A485AE933CD56A5440210B6 /* Pods-KeyboardFrameChangeListenerTests.release.xcconfig */ = {isa = PBXFileReference; includeInIndex = 1; lastKnownFileType = text.xcconfig; name = "Pods-KeyboardFrameChangeListenerTests.release.xcconfig"; path = "Pods/Target Support Files/Pods-KeyboardFrameChangeListenerTests/Pods-KeyboardFrameChangeListenerTests.release.xcconfig"; sourceTree = "<group>"; };
		FBFAD104C101EAED969EF824 /* Pods-KeyboardFrameChangeListenerTests.debug.xcconfig */ = {isa = PBXFileReference; includeInIndex = 1; lastKnownFileType = text.xcconfig; name = "Pods-KeyboardFrameChangeListenerTests.debug.xcconfig"; path = "Pods/Target Support Files/Pods-KeyboardFrameChangeListenerTests/Pods-KeyboardFrameChangeListenerTests.debug.xcconfig"; sourceTree = "<group>"; };
/* End PBXFileReference section */

/* Begin PBXFrameworksBuildPhase section */
		311048D61FB0F873006E6570 /* Frameworks */ = {
			isa = PBXFrameworksBuildPhase;
			buildActionMask = 2147483647;
			files = (
				311048FA1FB0FC45006E6570 /* KeyboardFrameChangeListener.framework in Frameworks */,
			);
			runOnlyForDeploymentPostprocessing = 0;
		};
		311048EF1FB0FC45006E6570 /* Frameworks */ = {
			isa = PBXFrameworksBuildPhase;
			buildActionMask = 2147483647;
			files = (
			);
			runOnlyForDeploymentPostprocessing = 0;
		};
		311049011FB0FD00006E6570 /* Frameworks */ = {
			isa = PBXFrameworksBuildPhase;
			buildActionMask = 2147483647;
			files = (
				311049091FB0FD00006E6570 /* KeyboardFrameChangeListener.framework in Frameworks */,
				C9E2DB36172F9FC660EB94C0 /* Pods_KeyboardFrameChangeListenerTests.framework in Frameworks */,
			);
			runOnlyForDeploymentPostprocessing = 0;
		};
/* End PBXFrameworksBuildPhase section */

/* Begin PBXGroup section */
		311048D01FB0F873006E6570 = {
			isa = PBXGroup;
			children = (
				311048DB1FB0F873006E6570 /* DemoApp */,
				FBA040D6BA89B458C556E4F4 /* Frameworks */,
				36CAE4A752422E075715C641 /* Pods */,
				311048DA1FB0F873006E6570 /* Products */,
				311048F41FB0FC45006E6570 /* Sources */,
				311049051FB0FD00006E6570 /* Tests */,
			);
			sourceTree = "<group>";
		};
		311048DA1FB0F873006E6570 /* Products */ = {
			isa = PBXGroup;
			children = (
				311048D91FB0F873006E6570 /* KeyboardFrameChangeListenerDemoApp.app */,
				311048F31FB0FC45006E6570 /* KeyboardFrameChangeListener.framework */,
				311049041FB0FD00006E6570 /* KeyboardFrameChangeListenerTests.xctest */,
			);
			name = Products;
			sourceTree = "<group>";
		};
		311048DB1FB0F873006E6570 /* DemoApp */ = {
			isa = PBXGroup;
			children = (
				311048DC1FB0F873006E6570 /* AppDelegate.swift */,
				311048E31FB0F873006E6570 /* Assets.xcassets */,
				311048E81FB0F873006E6570 /* Info.plist */,
				311048E51FB0F873006E6570 /* LaunchScreen.storyboard */,
				311049151FB10823006E6570 /* View.swift */,
				311048DE1FB0F873006E6570 /* ViewController.swift */,
			);
			path = DemoApp;
			sourceTree = "<group>";
		};
		311048F41FB0FC45006E6570 /* Sources */ = {
			isa = PBXGroup;
			children = (
				311048F61FB0FC45006E6570 /* Info.plist */,
				311049111FB0FEFA006E6570 /* KeyboardFrameChange.swift */,
				311048F51FB0FC45006E6570 /* KeyboardFrameChangeListener.h */,
				311049131FB0FF2F006E6570 /* KeyboardFrameChangeListener.swift */,
				3110490F1FB0FEE0006E6570 /* KeyboardFrameChangeListening.swift */,
			);
			path = Sources;
			sourceTree = "<group>";
		};
		311049051FB0FD00006E6570 /* Tests */ = {
			isa = PBXGroup;
			children = (
				311049061FB0FD00006E6570 /* KeyboardFrameChangeListenerSpec.swift */,
				311049081FB0FD00006E6570 /* Info.plist */,
			);
			path = Tests;
			sourceTree = "<group>";
		};
		36CAE4A752422E075715C641 /* Pods */ = {
			isa = PBXGroup;
			children = (
				FBFAD104C101EAED969EF824 /* Pods-KeyboardFrameChangeListenerTests.debug.xcconfig */,
				6A485AE933CD56A5440210B6 /* Pods-KeyboardFrameChangeListenerTests.release.xcconfig */,
			);
			name = Pods;
			sourceTree = "<group>";
		};
		FBA040D6BA89B458C556E4F4 /* Frameworks */ = {
			isa = PBXGroup;
			children = (
				63DBDA86647288D5421CC3DC /* Pods_KeyboardFrameChangeListenerDemoApp.framework */,
				2792DE68293CB94824F0FD0A /* Pods_KeyboardFrameChangeListenerTests.framework */,
			);
			name = Frameworks;
			sourceTree = "<group>";
		};
/* End PBXGroup section */

/* Begin PBXHeadersBuildPhase section */
		311048F01FB0FC45006E6570 /* Headers */ = {
			isa = PBXHeadersBuildPhase;
			buildActionMask = 2147483647;
			files = (
				311048F71FB0FC45006E6570 /* KeyboardFrameChangeListener.h in Headers */,
			);
			runOnlyForDeploymentPostprocessing = 0;
		};
/* End PBXHeadersBuildPhase section */

/* Begin PBXNativeTarget section */
		311048D81FB0F873006E6570 /* KeyboardFrameChangeListenerDemoApp */ = {
			isa = PBXNativeTarget;
			buildConfigurationList = 311048EB1FB0F873006E6570 /* Build configuration list for PBXNativeTarget "KeyboardFrameChangeListenerDemoApp" */;
			buildPhases = (
				311048D51FB0F873006E6570 /* Sources */,
				311048D61FB0F873006E6570 /* Frameworks */,
				311048D71FB0F873006E6570 /* Resources */,
				311048FF1FB0FC45006E6570 /* Embed Frameworks */,
			);
			buildRules = (
			);
			dependencies = (
				311048F91FB0FC45006E6570 /* PBXTargetDependency */,
			);
			name = KeyboardFrameChangeListenerDemoApp;
			productName = KeyboardFrameChangeListener;
			productReference = 311048D91FB0F873006E6570 /* KeyboardFrameChangeListenerDemoApp.app */;
			productType = "com.apple.product-type.application";
		};
		311048F21FB0FC45006E6570 /* KeyboardFrameChangeListener */ = {
			isa = PBXNativeTarget;
			buildConfigurationList = 311048FC1FB0FC45006E6570 /* Build configuration list for PBXNativeTarget "KeyboardFrameChangeListener" */;
			buildPhases = (
				311048EE1FB0FC45006E6570 /* Sources */,
				311048EF1FB0FC45006E6570 /* Frameworks */,
				311048F01FB0FC45006E6570 /* Headers */,
				311048F11FB0FC45006E6570 /* Resources */,
			);
			buildRules = (
			);
			dependencies = (
			);
			name = KeyboardFrameChangeListener;
			productName = KeyboardFrameChangeListener;
			productReference = 311048F31FB0FC45006E6570 /* KeyboardFrameChangeListener.framework */;
			productType = "com.apple.product-type.framework";
		};
		311049031FB0FD00006E6570 /* KeyboardFrameChangeListenerTests */ = {
			isa = PBXNativeTarget;
			buildConfigurationList = 3110490C1FB0FD00006E6570 /* Build configuration list for PBXNativeTarget "KeyboardFrameChangeListenerTests" */;
			buildPhases = (
				CD30634221AC821D88192321 /* [CP] Check Pods Manifest.lock */,
				311049001FB0FD00006E6570 /* Sources */,
				311049011FB0FD00006E6570 /* Frameworks */,
				311049021FB0FD00006E6570 /* Resources */,
				75A147B51E4415DD6FB01E95 /* [CP] Embed Pods Frameworks */,
			);
			buildRules = (
			);
			dependencies = (
				3110490B1FB0FD00006E6570 /* PBXTargetDependency */,
			);
			name = KeyboardFrameChangeListenerTests;
			productName = KeyboardFrameChangeListenerTests;
			productReference = 311049041FB0FD00006E6570 /* KeyboardFrameChangeListenerTests.xctest */;
			productType = "com.apple.product-type.bundle.unit-test";
		};
/* End PBXNativeTarget section */

/* Begin PBXProject section */
		311048D11FB0F873006E6570 /* Project object */ = {
			isa = PBXProject;
			attributes = {
				LastSwiftUpdateCheck = 0910;
				LastUpgradeCheck = 1000;
				ORGANIZATIONNAME = "Dariusz Rybicki";
				TargetAttributes = {
					311048D81FB0F873006E6570 = {
						CreatedOnToolsVersion = 9.1;
						LastSwiftMigration = 1000;
						ProvisioningStyle = Automatic;
					};
					311048F21FB0FC45006E6570 = {
						CreatedOnToolsVersion = 9.1;
						LastSwiftMigration = 1000;
						ProvisioningStyle = Automatic;
					};
					311049031FB0FD00006E6570 = {
						CreatedOnToolsVersion = 9.1;
						ProvisioningStyle = Automatic;
					};
				};
			};
			buildConfigurationList = 311048D41FB0F873006E6570 /* Build configuration list for PBXProject "KeyboardFrameChangeListener" */;
			compatibilityVersion = "Xcode 8.0";
			developmentRegion = en;
			hasScannedForEncodings = 0;
			knownRegions = (
				en,
				Base,
			);
			mainGroup = 311048D01FB0F873006E6570;
			productRefGroup = 311048DA1FB0F873006E6570 /* Products */;
			projectDirPath = "";
			projectRoot = "";
			targets = (
				311048D81FB0F873006E6570 /* KeyboardFrameChangeListenerDemoApp */,
				311048F21FB0FC45006E6570 /* KeyboardFrameChangeListener */,
				311049031FB0FD00006E6570 /* KeyboardFrameChangeListenerTests */,
			);
		};
/* End PBXProject section */

/* Begin PBXResourcesBuildPhase section */
		311048D71FB0F873006E6570 /* Resources */ = {
			isa = PBXResourcesBuildPhase;
			buildActionMask = 2147483647;
			files = (
				311048E71FB0F873006E6570 /* LaunchScreen.storyboard in Resources */,
				311048E41FB0F873006E6570 /* Assets.xcassets in Resources */,
			);
			runOnlyForDeploymentPostprocessing = 0;
		};
		311048F11FB0FC45006E6570 /* Resources */ = {
			isa = PBXResourcesBuildPhase;
			buildActionMask = 2147483647;
			files = (
			);
			runOnlyForDeploymentPostprocessing = 0;
		};
		311049021FB0FD00006E6570 /* Resources */ = {
			isa = PBXResourcesBuildPhase;
			buildActionMask = 2147483647;
			files = (
			);
			runOnlyForDeploymentPostprocessing = 0;
		};
/* End PBXResourcesBuildPhase section */

/* Begin PBXShellScriptBuildPhase section */
		75A147B51E4415DD6FB01E95 /* [CP] Embed Pods Frameworks */ = {
			isa = PBXShellScriptBuildPhase;
			buildActionMask = 2147483647;
			files = (
			);
			inputPaths = (
				"${SRCROOT}/Pods/Target Support Files/Pods-KeyboardFrameChangeListenerTests/Pods-KeyboardFrameChangeListenerTests-frameworks.sh",
				"${BUILT_PRODUCTS_DIR}/Nimble/Nimble.framework",
				"${BUILT_PRODUCTS_DIR}/Quick/Quick.framework",
			);
			name = "[CP] Embed Pods Frameworks";
			outputPaths = (
				"${TARGET_BUILD_DIR}/${FRAMEWORKS_FOLDER_PATH}/Nimble.framework",
				"${TARGET_BUILD_DIR}/${FRAMEWORKS_FOLDER_PATH}/Quick.framework",
			);
			runOnlyForDeploymentPostprocessing = 0;
			shellPath = /bin/sh;
			shellScript = "\"${SRCROOT}/Pods/Target Support Files/Pods-KeyboardFrameChangeListenerTests/Pods-KeyboardFrameChangeListenerTests-frameworks.sh\"\n";
			showEnvVarsInLog = 0;
		};
		CD30634221AC821D88192321 /* [CP] Check Pods Manifest.lock */ = {
			isa = PBXShellScriptBuildPhase;
			buildActionMask = 2147483647;
			files = (
			);
			inputPaths = (
				"${PODS_PODFILE_DIR_PATH}/Podfile.lock",
				"${PODS_ROOT}/Manifest.lock",
			);
			name = "[CP] Check Pods Manifest.lock";
			outputPaths = (
				"$(DERIVED_FILE_DIR)/Pods-KeyboardFrameChangeListenerTests-checkManifestLockResult.txt",
			);
			runOnlyForDeploymentPostprocessing = 0;
			shellPath = /bin/sh;
			shellScript = "diff \"${PODS_PODFILE_DIR_PATH}/Podfile.lock\" \"${PODS_ROOT}/Manifest.lock\" > /dev/null\nif [ $? != 0 ] ; then\n    # print error to STDERR\n    echo \"error: The sandbox is not in sync with the Podfile.lock. Run 'pod install' or update your CocoaPods installation.\" >&2\n    exit 1\nfi\n# This output is used by Xcode 'outputs' to avoid re-running this script phase.\necho \"SUCCESS\" > \"${SCRIPT_OUTPUT_FILE_0}\"\n";
			showEnvVarsInLog = 0;
		};
/* End PBXShellScriptBuildPhase section */

/* Begin PBXSourcesBuildPhase section */
		311048D51FB0F873006E6570 /* Sources */ = {
			isa = PBXSourcesBuildPhase;
			buildActionMask = 2147483647;
			files = (
				311048DF1FB0F873006E6570 /* ViewController.swift in Sources */,
				311048DD1FB0F873006E6570 /* AppDelegate.swift in Sources */,
				311049161FB10823006E6570 /* View.swift in Sources */,
			);
			runOnlyForDeploymentPostprocessing = 0;
		};
		311048EE1FB0FC45006E6570 /* Sources */ = {
			isa = PBXSourcesBuildPhase;
			buildActionMask = 2147483647;
			files = (
				311049121FB0FEFA006E6570 /* KeyboardFrameChange.swift in Sources */,
				311049141FB0FF2F006E6570 /* KeyboardFrameChangeListener.swift in Sources */,
				311049101FB0FEE0006E6570 /* KeyboardFrameChangeListening.swift in Sources */,
			);
			runOnlyForDeploymentPostprocessing = 0;
		};
		311049001FB0FD00006E6570 /* Sources */ = {
			isa = PBXSourcesBuildPhase;
			buildActionMask = 2147483647;
			files = (
				311049071FB0FD00006E6570 /* KeyboardFrameChangeListenerSpec.swift in Sources */,
			);
			runOnlyForDeploymentPostprocessing = 0;
		};
/* End PBXSourcesBuildPhase section */

/* Begin PBXTargetDependency section */
		311048F91FB0FC45006E6570 /* PBXTargetDependency */ = {
			isa = PBXTargetDependency;
			target = 311048F21FB0FC45006E6570 /* KeyboardFrameChangeListener */;
			targetProxy = 311048F81FB0FC45006E6570 /* PBXContainerItemProxy */;
		};
		3110490B1FB0FD00006E6570 /* PBXTargetDependency */ = {
			isa = PBXTargetDependency;
			target = 311048F21FB0FC45006E6570 /* KeyboardFrameChangeListener */;
			targetProxy = 3110490A1FB0FD00006E6570 /* PBXContainerItemProxy */;
		};
/* End PBXTargetDependency section */

/* Begin PBXVariantGroup section */
		311048E51FB0F873006E6570 /* LaunchScreen.storyboard */ = {
			isa = PBXVariantGroup;
			children = (
				311048E61FB0F873006E6570 /* Base */,
			);
			name = LaunchScreen.storyboard;
			sourceTree = "<group>";
		};
/* End PBXVariantGroup section */

/* Begin XCBuildConfiguration section */
		311048E91FB0F873006E6570 /* Debug */ = {
			isa = XCBuildConfiguration;
			buildSettings = {
				ALWAYS_SEARCH_USER_PATHS = NO;
				CLANG_ANALYZER_NONNULL = YES;
				CLANG_ANALYZER_NUMBER_OBJECT_CONVERSION = YES_AGGRESSIVE;
				CLANG_CXX_LANGUAGE_STANDARD = "gnu++14";
				CLANG_CXX_LIBRARY = "libc++";
				CLANG_ENABLE_MODULES = YES;
				CLANG_ENABLE_OBJC_ARC = YES;
				CLANG_WARN_BLOCK_CAPTURE_AUTORELEASING = YES;
				CLANG_WARN_BOOL_CONVERSION = YES;
				CLANG_WARN_COMMA = YES;
				CLANG_WARN_CONSTANT_CONVERSION = YES;
				CLANG_WARN_DEPRECATED_OBJC_IMPLEMENTATIONS = YES;
				CLANG_WARN_DIRECT_OBJC_ISA_USAGE = YES_ERROR;
				CLANG_WARN_DOCUMENTATION_COMMENTS = YES;
				CLANG_WARN_EMPTY_BODY = YES;
				CLANG_WARN_ENUM_CONVERSION = YES;
				CLANG_WARN_INFINITE_RECURSION = YES;
				CLANG_WARN_INT_CONVERSION = YES;
				CLANG_WARN_NON_LITERAL_NULL_CONVERSION = YES;
				CLANG_WARN_OBJC_IMPLICIT_RETAIN_SELF = YES;
				CLANG_WARN_OBJC_LITERAL_CONVERSION = YES;
				CLANG_WARN_OBJC_ROOT_CLASS = YES_ERROR;
				CLANG_WARN_RANGE_LOOP_ANALYSIS = YES;
				CLANG_WARN_STRICT_PROTOTYPES = YES;
				CLANG_WARN_SUSPICIOUS_MOVE = YES;
				CLANG_WARN_UNGUARDED_AVAILABILITY = YES_AGGRESSIVE;
				CLANG_WARN_UNREACHABLE_CODE = YES;
				CLANG_WARN__DUPLICATE_METHOD_MATCH = YES;
				CODE_SIGN_IDENTITY = "iPhone Developer";
				COPY_PHASE_STRIP = NO;
				DEBUG_INFORMATION_FORMAT = dwarf;
				ENABLE_STRICT_OBJC_MSGSEND = YES;
				ENABLE_TESTABILITY = YES;
				GCC_C_LANGUAGE_STANDARD = gnu11;
				GCC_DYNAMIC_NO_PIC = NO;
				GCC_NO_COMMON_BLOCKS = YES;
				GCC_OPTIMIZATION_LEVEL = 0;
				GCC_PREPROCESSOR_DEFINITIONS = (
					"DEBUG=1",
					"$(inherited)",
				);
				GCC_WARN_64_TO_32_BIT_CONVERSION = YES;
				GCC_WARN_ABOUT_RETURN_TYPE = YES_ERROR;
				GCC_WARN_UNDECLARED_SELECTOR = YES;
				GCC_WARN_UNINITIALIZED_AUTOS = YES_AGGRESSIVE;
				GCC_WARN_UNUSED_FUNCTION = YES;
				GCC_WARN_UNUSED_VARIABLE = YES;
				IPHONEOS_DEPLOYMENT_TARGET = 10.0;
				MTL_ENABLE_DEBUG_INFO = YES;
				ONLY_ACTIVE_ARCH = YES;
				SDKROOT = iphoneos;
				SWIFT_ACTIVE_COMPILATION_CONDITIONS = DEBUG;
				SWIFT_OPTIMIZATION_LEVEL = "-Onone";
			};
			name = Debug;
		};
		311048EA1FB0F873006E6570 /* Release */ = {
			isa = XCBuildConfiguration;
			buildSettings = {
				ALWAYS_SEARCH_USER_PATHS = NO;
				CLANG_ANALYZER_NONNULL = YES;
				CLANG_ANALYZER_NUMBER_OBJECT_CONVERSION = YES_AGGRESSIVE;
				CLANG_CXX_LANGUAGE_STANDARD = "gnu++14";
				CLANG_CXX_LIBRARY = "libc++";
				CLANG_ENABLE_MODULES = YES;
				CLANG_ENABLE_OBJC_ARC = YES;
				CLANG_WARN_BLOCK_CAPTURE_AUTORELEASING = YES;
				CLANG_WARN_BOOL_CONVERSION = YES;
				CLANG_WARN_COMMA = YES;
				CLANG_WARN_CONSTANT_CONVERSION = YES;
				CLANG_WARN_DEPRECATED_OBJC_IMPLEMENTATIONS = YES;
				CLANG_WARN_DIRECT_OBJC_ISA_USAGE = YES_ERROR;
				CLANG_WARN_DOCUMENTATION_COMMENTS = YES;
				CLANG_WARN_EMPTY_BODY = YES;
				CLANG_WARN_ENUM_CONVERSION = YES;
				CLANG_WARN_INFINITE_RECURSION = YES;
				CLANG_WARN_INT_CONVERSION = YES;
				CLANG_WARN_NON_LITERAL_NULL_CONVERSION = YES;
				CLANG_WARN_OBJC_IMPLICIT_RETAIN_SELF = YES;
				CLANG_WARN_OBJC_LITERAL_CONVERSION = YES;
				CLANG_WARN_OBJC_ROOT_CLASS = YES_ERROR;
				CLANG_WARN_RANGE_LOOP_ANALYSIS = YES;
				CLANG_WARN_STRICT_PROTOTYPES = YES;
				CLANG_WARN_SUSPICIOUS_MOVE = YES;
				CLANG_WARN_UNGUARDED_AVAILABILITY = YES_AGGRESSIVE;
				CLANG_WARN_UNREACHABLE_CODE = YES;
				CLANG_WARN__DUPLICATE_METHOD_MATCH = YES;
				CODE_SIGN_IDENTITY = "iPhone Developer";
				COPY_PHASE_STRIP = NO;
				DEBUG_INFORMATION_FORMAT = "dwarf-with-dsym";
				ENABLE_NS_ASSERTIONS = NO;
				ENABLE_STRICT_OBJC_MSGSEND = YES;
				GCC_C_LANGUAGE_STANDARD = gnu11;
				GCC_NO_COMMON_BLOCKS = YES;
				GCC_WARN_64_TO_32_BIT_CONVERSION = YES;
				GCC_WARN_ABOUT_RETURN_TYPE = YES_ERROR;
				GCC_WARN_UNDECLARED_SELECTOR = YES;
				GCC_WARN_UNINITIALIZED_AUTOS = YES_AGGRESSIVE;
				GCC_WARN_UNUSED_FUNCTION = YES;
				GCC_WARN_UNUSED_VARIABLE = YES;
				IPHONEOS_DEPLOYMENT_TARGET = 10.0;
				MTL_ENABLE_DEBUG_INFO = NO;
				SDKROOT = iphoneos;
				SWIFT_OPTIMIZATION_LEVEL = "-Owholemodule";
				VALIDATE_PRODUCT = YES;
			};
			name = Release;
		};
		311048EC1FB0F873006E6570 /* Debug */ = {
			isa = XCBuildConfiguration;
			buildSettings = {
				ALWAYS_EMBED_SWIFT_STANDARD_LIBRARIES = YES;
				ASSETCATALOG_COMPILER_APPICON_NAME = AppIcon;
				CODE_SIGN_STYLE = Automatic;
				INFOPLIST_FILE = DemoApp/Info.plist;
				LD_RUNPATH_SEARCH_PATHS = "$(inherited) @executable_path/Frameworks";
				PRODUCT_BUNDLE_IDENTIFIER = pl.darrarski.KeyboardFrameChangeListenerDemoApp;
				PRODUCT_NAME = "$(TARGET_NAME)";
				SWIFT_VERSION = 4.2;
				TARGETED_DEVICE_FAMILY = "1,2";
			};
			name = Debug;
		};
		311048ED1FB0F873006E6570 /* Release */ = {
			isa = XCBuildConfiguration;
			buildSettings = {
				ALWAYS_EMBED_SWIFT_STANDARD_LIBRARIES = YES;
				ASSETCATALOG_COMPILER_APPICON_NAME = AppIcon;
				CODE_SIGN_STYLE = Automatic;
				INFOPLIST_FILE = DemoApp/Info.plist;
				LD_RUNPATH_SEARCH_PATHS = "$(inherited) @executable_path/Frameworks";
				PRODUCT_BUNDLE_IDENTIFIER = pl.darrarski.KeyboardFrameChangeListenerDemoApp;
				PRODUCT_NAME = "$(TARGET_NAME)";
				SWIFT_VERSION = 4.2;
				TARGETED_DEVICE_FAMILY = "1,2";
			};
			name = Release;
		};
		311048FD1FB0FC45006E6570 /* Debug */ = {
			isa = XCBuildConfiguration;
			buildSettings = {
				CLANG_ENABLE_MODULES = YES;
				CODE_SIGN_IDENTITY = "";
				CODE_SIGN_STYLE = Automatic;
				CURRENT_PROJECT_VERSION = 1;
				DEFINES_MODULE = YES;
				DYLIB_COMPATIBILITY_VERSION = 1;
				DYLIB_CURRENT_VERSION = 1;
				DYLIB_INSTALL_NAME_BASE = "@rpath";
				INFOPLIST_FILE = Sources/Info.plist;
				INSTALL_PATH = "$(LOCAL_LIBRARY_DIR)/Frameworks";
				LD_RUNPATH_SEARCH_PATHS = "$(inherited) @executable_path/Frameworks @loader_path/Frameworks";
				PRODUCT_BUNDLE_IDENTIFIER = pl.darrarski.KeyboardFrameChangeListener;
				PRODUCT_NAME = "$(TARGET_NAME:c99extidentifier)";
				SKIP_INSTALL = YES;
				SWIFT_OPTIMIZATION_LEVEL = "-Onone";
				SWIFT_VERSION = 4.2;
				TARGETED_DEVICE_FAMILY = "1,2";
				VERSIONING_SYSTEM = "apple-generic";
				VERSION_INFO_PREFIX = "";
			};
			name = Debug;
		};
		311048FE1FB0FC45006E6570 /* Release */ = {
			isa = XCBuildConfiguration;
			buildSettings = {
				CLANG_ENABLE_MODULES = YES;
				CODE_SIGN_IDENTITY = "";
				CODE_SIGN_STYLE = Automatic;
				CURRENT_PROJECT_VERSION = 1;
				DEFINES_MODULE = YES;
				DYLIB_COMPATIBILITY_VERSION = 1;
				DYLIB_CURRENT_VERSION = 1;
				DYLIB_INSTALL_NAME_BASE = "@rpath";
				INFOPLIST_FILE = Sources/Info.plist;
				INSTALL_PATH = "$(LOCAL_LIBRARY_DIR)/Frameworks";
				LD_RUNPATH_SEARCH_PATHS = "$(inherited) @executable_path/Frameworks @loader_path/Frameworks";
				PRODUCT_BUNDLE_IDENTIFIER = pl.darrarski.KeyboardFrameChangeListener;
				PRODUCT_NAME = "$(TARGET_NAME:c99extidentifier)";
				SKIP_INSTALL = YES;
				SWIFT_VERSION = 4.2;
				TARGETED_DEVICE_FAMILY = "1,2";
				VERSIONING_SYSTEM = "apple-generic";
				VERSION_INFO_PREFIX = "";
			};
			name = Release;
		};
		3110490D1FB0FD00006E6570 /* Debug */ = {
			isa = XCBuildConfiguration;
			baseConfigurationReference = FBFAD104C101EAED969EF824 /* Pods-KeyboardFrameChangeListenerTests.debug.xcconfig */;
			buildSettings = {
				ALWAYS_EMBED_SWIFT_STANDARD_LIBRARIES = "$(inherited)";
				CODE_SIGN_STYLE = Automatic;
				INFOPLIST_FILE = Tests/Info.plist;
				LD_RUNPATH_SEARCH_PATHS = "$(inherited) @executable_path/Frameworks @loader_path/Frameworks";
				PRODUCT_BUNDLE_IDENTIFIER = pl.darrarski.KeyboardFrameChangeListenerTests;
				PRODUCT_NAME = "$(TARGET_NAME)";
				SWIFT_VERSION = 4.2;
				TARGETED_DEVICE_FAMILY = "1,2";
			};
			name = Debug;
		};
		3110490E1FB0FD00006E6570 /* Release */ = {
			isa = XCBuildConfiguration;
			baseConfigurationReference = 6A485AE933CD56A5440210B6 /* Pods-KeyboardFrameChangeListenerTests.release.xcconfig */;
			buildSettings = {
				ALWAYS_EMBED_SWIFT_STANDARD_LIBRARIES = "$(inherited)";
				CODE_SIGN_STYLE = Automatic;
				INFOPLIST_FILE = Tests/Info.plist;
				LD_RUNPATH_SEARCH_PATHS = "$(inherited) @executable_path/Frameworks @loader_path/Frameworks";
				PRODUCT_BUNDLE_IDENTIFIER = pl.darrarski.KeyboardFrameChangeListenerTests;
				PRODUCT_NAME = "$(TARGET_NAME)";
				SWIFT_VERSION = 4.2;
				TARGETED_DEVICE_FAMILY = "1,2";
			};
			name = Release;
		};
/* End XCBuildConfiguration section */

/* Begin XCConfigurationList section */
		311048D41FB0F873006E6570 /* Build configuration list for PBXProject "KeyboardFrameChangeListener" */ = {
			isa = XCConfigurationList;
			buildConfigurations = (
				311048E91FB0F873006E6570 /* Debug */,
				311048EA1FB0F873006E6570 /* Release */,
			);
			defaultConfigurationIsVisible = 0;
			defaultConfigurationName = Release;
		};
		311048EB1FB0F873006E6570 /* Build configuration list for PBXNativeTarget "KeyboardFrameChangeListenerDemoApp" */ = {
			isa = XCConfigurationList;
			buildConfigurations = (
				311048EC1FB0F873006E6570 /* Debug */,
				311048ED1FB0F873006E6570 /* Release */,
			);
			defaultConfigurationIsVisible = 0;
			defaultConfigurationName = Release;
		};
		311048FC1FB0FC45006E6570 /* Build configuration list for PBXNativeTarget "KeyboardFrameChangeListener" */ = {
			isa = XCConfigurationList;
			buildConfigurations = (
				311048FD1FB0FC45006E6570 /* Debug */,
				311048FE1FB0FC45006E6570 /* Release */,
			);
			defaultConfigurationIsVisible = 0;
			defaultConfigurationName = Release;
		};
		3110490C1FB0FD00006E6570 /* Build configuration list for PBXNativeTarget "KeyboardFrameChangeListenerTests" */ = {
			isa = XCConfigurationList;
			buildConfigurations = (
				3110490D1FB0FD00006E6570 /* Debug */,
				3110490E1FB0FD00006E6570 /* Release */,
			);
			defaultConfigurationIsVisible = 0;
			defaultConfigurationName = Release;
		};
/* End XCConfigurationList section */
	};
	rootObject = 311048D11FB0F873006E6570 /* Project object */;
}
