// !$*UTF8*$!
{
	archiveVersion = 1;
	classes = {
	};
	objectVersion = 48;
	objects = {

/* Begin PBXBuildFile section */
		311048DD1FB0F873006E6570 /* AppDelegate.swift in Sources */ = {isa = PBXBuildFile; fileRef = 311048DC1FB0F873006E6570 /* AppDelegate.swift */; };
		311048DF1FB0F873006E6570 /* ViewController.swift in Sources */ = {isa = PBXBuildFile; fileRef = 311048DE1FB0F873006E6570 /* ViewController.swift */; };
		311048E41FB0F873006E6570 /* Assets.xcassets in Resources */ = {isa = PBXBuildFile; fileRef = 311048E31FB0F873006E6570 /* Assets.xcassets */; };
		311048E71FB0F873006E6570 /* LaunchScreen.storyboard in Resources */ = {isa = PBXBuildFile; fileRef = 311048E51FB0F873006E6570 /* LaunchScreen.storyboard */; };
		4E9D7BEB26E82002A9CB5EA8 /* Pods_KeyboardFrameChangeListenerDemoApp.framework in Frameworks */ = {isa = PBXBuildFile; fileRef = 63DBDA86647288D5421CC3DC /* Pods_KeyboardFrameChangeListenerDemoApp.framework */; };
/* End PBXBuildFile section */

/* Begin PBXFileReference section */
		311048D91FB0F873006E6570 /* KeyboardFrameChangeListenerDemoApp.app */ = {isa = PBXFileReference; explicitFileType = wrapper.application; includeInIndex = 0; path = KeyboardFrameChangeListenerDemoApp.app; sourceTree = BUILT_PRODUCTS_DIR; };
		311048DC1FB0F873006E6570 /* AppDelegate.swift */ = {isa = PBXFileReference; lastKnownFileType = sourcecode.swift; path = AppDelegate.swift; sourceTree = "<group>"; };
		311048DE1FB0F873006E6570 /* ViewController.swift */ = {isa = PBXFileReference; lastKnownFileType = sourcecode.swift; path = ViewController.swift; sourceTree = "<group>"; };
		311048E31FB0F873006E6570 /* Assets.xcassets */ = {isa = PBXFileReference; lastKnownFileType = folder.assetcatalog; path = Assets.xcassets; sourceTree = "<group>"; };
		311048E61FB0F873006E6570 /* Base */ = {isa = PBXFileReference; lastKnownFileType = file.storyboard; name = Base; path = Base.lproj/LaunchScreen.storyboard; sourceTree = "<group>"; };
		311048E81FB0F873006E6570 /* Info.plist */ = {isa = PBXFileReference; lastKnownFileType = text.plist.xml; path = Info.plist; sourceTree = "<group>"; };
		63DBDA86647288D5421CC3DC /* Pods_KeyboardFrameChangeListenerDemoApp.framework */ = {isa = PBXFileReference; explicitFileType = wrapper.framework; includeInIndex = 0; path = Pods_KeyboardFrameChangeListenerDemoApp.framework; sourceTree = BUILT_PRODUCTS_DIR; };
		A28023D17ABA1C776365243D /* Pods-KeyboardFrameChangeListenerDemoApp.debug.xcconfig */ = {isa = PBXFileReference; includeInIndex = 1; lastKnownFileType = text.xcconfig; name = "Pods-KeyboardFrameChangeListenerDemoApp.debug.xcconfig"; path = "Pods/Target Support Files/Pods-KeyboardFrameChangeListenerDemoApp/Pods-KeyboardFrameChangeListenerDemoApp.debug.xcconfig"; sourceTree = "<group>"; };
		A828939A948850414CE76474 /* Pods-KeyboardFrameChangeListenerDemoApp.release.xcconfig */ = {isa = PBXFileReference; includeInIndex = 1; lastKnownFileType = text.xcconfig; name = "Pods-KeyboardFrameChangeListenerDemoApp.release.xcconfig"; path = "Pods/Target Support Files/Pods-KeyboardFrameChangeListenerDemoApp/Pods-KeyboardFrameChangeListenerDemoApp.release.xcconfig"; sourceTree = "<group>"; };
/* End PBXFileReference section */

/* Begin PBXFrameworksBuildPhase section */
		311048D61FB0F873006E6570 /* Frameworks */ = {
			isa = PBXFrameworksBuildPhase;
			buildActionMask = 2147483647;
			files = (
				4E9D7BEB26E82002A9CB5EA8 /* Pods_KeyboardFrameChangeListenerDemoApp.framework in Frameworks */,
			);
			runOnlyForDeploymentPostprocessing = 0;
		};
/* End PBXFrameworksBuildPhase section */

/* Begin PBXGroup section */
		311048D01FB0F873006E6570 = {
			isa = PBXGroup;
			children = (
				311048DB1FB0F873006E6570 /* DemoApp */,
				FBA040D6BA89B458C556E4F4 /* Frameworks */,
				36CAE4A752422E075715C641 /* Pods */,
				311048DA1FB0F873006E6570 /* Products */,
			);
			sourceTree = "<group>";
		};
		311048DA1FB0F873006E6570 /* Products */ = {
			isa = PBXGroup;
			children = (
				311048D91FB0F873006E6570 /* KeyboardFrameChangeListenerDemoApp.app */,
			);
			name = Products;
			sourceTree = "<group>";
		};
		311048DB1FB0F873006E6570 /* DemoApp */ = {
			isa = PBXGroup;
			children = (
				311048DC1FB0F873006E6570 /* AppDelegate.swift */,
				311048E31FB0F873006E6570 /* Assets.xcassets */,
				311048E81FB0F873006E6570 /* Info.plist */,
				311048E51FB0F873006E6570 /* LaunchScreen.storyboard */,
				311048DE1FB0F873006E6570 /* ViewController.swift */,
			);
			path = DemoApp;
			sourceTree = "<group>";
		};
		36CAE4A752422E075715C641 /* Pods */ = {
			isa = PBXGroup;
			children = (
				A28023D17ABA1C776365243D /* Pods-KeyboardFrameChangeListenerDemoApp.debug.xcconfig */,
				A828939A948850414CE76474 /* Pods-KeyboardFrameChangeListenerDemoApp.release.xcconfig */,
			);
			name = Pods;
			sourceTree = "<group>";
		};
		FBA040D6BA89B458C556E4F4 /* Frameworks */ = {
			isa = PBXGroup;
			children = (
				63DBDA86647288D5421CC3DC /* Pods_KeyboardFrameChangeListenerDemoApp.framework */,
			);
			name = Frameworks;
			sourceTree = "<group>";
		};
/* End PBXGroup section */

/* Begin PBXNativeTarget section */
		311048D81FB0F873006E6570 /* KeyboardFrameChangeListenerDemoApp */ = {
			isa = PBXNativeTarget;
			buildConfigurationList = 311048EB1FB0F873006E6570 /* Build configuration list for PBXNativeTarget "KeyboardFrameChangeListenerDemoApp" */;
			buildPhases = (
				4478A92AF0F4DF0B85A4FB8E /* [CP] Check Pods Manifest.lock */,
				311048D51FB0F873006E6570 /* Sources */,
				311048D61FB0F873006E6570 /* Frameworks */,
				311048D71FB0F873006E6570 /* Resources */,
				3B59C7A502B796837837F1E8 /* [CP] Embed Pods Frameworks */,
				76B87F4F67D6D4309ED3EAA2 /* [CP] Copy Pods Resources */,
			);
			buildRules = (
			);
			dependencies = (
			);
			name = KeyboardFrameChangeListenerDemoApp;
			productName = KeyboardFrameChangeListener;
			productReference = 311048D91FB0F873006E6570 /* KeyboardFrameChangeListenerDemoApp.app */;
			productType = "com.apple.product-type.application";
		};
/* End PBXNativeTarget section */

/* Begin PBXProject section */
		311048D11FB0F873006E6570 /* Project object */ = {
			isa = PBXProject;
			attributes = {
				LastSwiftUpdateCheck = 0910;
				LastUpgradeCheck = 0910;
				ORGANIZATIONNAME = "Dariusz Rybicki";
				TargetAttributes = {
					311048D81FB0F873006E6570 = {
						CreatedOnToolsVersion = 9.1;
						ProvisioningStyle = Automatic;
					};
				};
			};
			buildConfigurationList = 311048D41FB0F873006E6570 /* Build configuration list for PBXProject "KeyboardFrameChangeListener" */;
			compatibilityVersion = "Xcode 8.0";
			developmentRegion = en;
			hasScannedForEncodings = 0;
			knownRegions = (
				en,
				Base,
			);
			mainGroup = 311048D01FB0F873006E6570;
			productRefGroup = 311048DA1FB0F873006E6570 /* Products */;
			projectDirPath = "";
			projectRoot = "";
			targets = (
				311048D81FB0F873006E6570 /* KeyboardFrameChangeListenerDemoApp */,
			);
		};
/* End PBXProject section */

/* Begin PBXResourcesBuildPhase section */
		311048D71FB0F873006E6570 /* Resources */ = {
			isa = PBXResourcesBuildPhase;
			buildActionMask = 2147483647;
			files = (
				311048E71FB0F873006E6570 /* LaunchScreen.storyboard in Resources */,
				311048E41FB0F873006E6570 /* Assets.xcassets in Resources */,
			);
			runOnlyForDeploymentPostprocessing = 0;
		};
/* End PBXResourcesBuildPhase section */

/* Begin PBXShellScriptBuildPhase section */
		3B59C7A502B796837837F1E8 /* [CP] Embed Pods Frameworks */ = {
			isa = PBXShellScriptBuildPhase;
			buildActionMask = 2147483647;
			files = (
			);
			inputPaths = (
			);
			name = "[CP] Embed Pods Frameworks";
			outputPaths = (
			);
			runOnlyForDeploymentPostprocessing = 0;
			shellPath = /bin/sh;
			shellScript = "\"${SRCROOT}/Pods/Target Support Files/Pods-KeyboardFrameChangeListenerDemoApp/Pods-KeyboardFrameChangeListenerDemoApp-frameworks.sh\"\n";
			showEnvVarsInLog = 0;
		};
		4478A92AF0F4DF0B85A4FB8E /* [CP] Check Pods Manifest.lock */ = {
			isa = PBXShellScriptBuildPhase;
			buildActionMask = 2147483647;
			files = (
			);
			inputPaths = (
				"${PODS_PODFILE_DIR_PATH}/Podfile.lock",
				"${PODS_ROOT}/Manifest.lock",
			);
			name = "[CP] Check Pods Manifest.lock";
			outputPaths = (
				"$(DERIVED_FILE_DIR)/Pods-KeyboardFrameChangeListenerDemoApp-checkManifestLockResult.txt",
			);
			runOnlyForDeploymentPostprocessing = 0;
			shellPath = /bin/sh;
			shellScript = "diff \"${PODS_PODFILE_DIR_PATH}/Podfile.lock\" \"${PODS_ROOT}/Manifest.lock\" > /dev/null\nif [ $? != 0 ] ; then\n    # print error to STDERR\n    echo \"error: The sandbox is not in sync with the Podfile.lock. Run 'pod install' or update your CocoaPods installation.\" >&2\n    exit 1\nfi\n# This output is used by Xcode 'outputs' to avoid re-running this script phase.\necho \"SUCCESS\" > \"${SCRIPT_OUTPUT_FILE_0}\"\n";
			showEnvVarsInLog = 0;
		};
		76B87F4F67D6D4309ED3EAA2 /* [CP] Copy Pods Resources */ = {
			isa = PBXShellScriptBuildPhase;
			buildActionMask = 2147483647;
			files = (
			);
			inputPaths = (
			);
			name = "[CP] Copy Pods Resources";
			outputPaths = (
			);
			runOnlyForDeploymentPostprocessing = 0;
			shellPath = /bin/sh;
			shellScript = "\"${SRCROOT}/Pods/Target Support Files/Pods-KeyboardFrameChangeListenerDemoApp/Pods-KeyboardFrameChangeListenerDemoApp-resources.sh\"\n";
			showEnvVarsInLog = 0;
		};
/* End PBXShellScriptBuildPhase section */

/* Begin PBXSourcesBuildPhase section */
		311048D51FB0F873006E6570 /* Sources */ = {
			isa = PBXSourcesBuildPhase;
			buildActionMask = 2147483647;
			files = (
				311048DF1FB0F873006E6570 /* ViewController.swift in Sources */,
				311048DD1FB0F873006E6570 /* AppDelegate.swift in Sources */,
			);
			runOnlyForDeploymentPostprocessing = 0;
		};
/* End PBXSourcesBuildPhase section */

/* Begin PBXVariantGroup section */
		311048E51FB0F873006E6570 /* LaunchScreen.storyboard */ = {
			isa = PBXVariantGroup;
			children = (
				311048E61FB0F873006E6570 /* Base */,
			);
			name = LaunchScreen.storyboard;
			sourceTree = "<group>";
		};
/* End PBXVariantGroup section */

/* Begin XCBuildConfiguration section */
		311048E91FB0F873006E6570 /* Debug */ = {
			isa = XCBuildConfiguration;
			buildSettings = {
				ALWAYS_SEARCH_USER_PATHS = NO;
				CLANG_ANALYZER_NONNULL = YES;
				CLANG_ANALYZER_NUMBER_OBJECT_CONVERSION = YES_AGGRESSIVE;
				CLANG_CXX_LANGUAGE_STANDARD = "gnu++14";
				CLANG_CXX_LIBRARY = "libc++";
				CLANG_ENABLE_MODULES = YES;
				CLANG_ENABLE_OBJC_ARC = YES;
				CLANG_WARN_BLOCK_CAPTURE_AUTORELEASING = YES;
				CLANG_WARN_BOOL_CONVERSION = YES;
				CLANG_WARN_COMMA = YES;
				CLANG_WARN_CONSTANT_CONVERSION = YES;
				CLANG_WARN_DIRECT_OBJC_ISA_USAGE = YES_ERROR;
				CLANG_WARN_DOCUMENTATION_COMMENTS = YES;
				CLANG_WARN_EMPTY_BODY = YES;
				CLANG_WARN_ENUM_CONVERSION = YES;
				CLANG_WARN_INFINITE_RECURSION = YES;
				CLANG_WARN_INT_CONVERSION = YES;
				CLANG_WARN_NON_LITERAL_NULL_CONVERSION = YES;
				CLANG_WARN_OBJC_LITERAL_CONVERSION = YES;
				CLANG_WARN_OBJC_ROOT_CLASS = YES_ERROR;
				CLANG_WARN_RANGE_LOOP_ANALYSIS = YES;
				CLANG_WARN_STRICT_PROTOTYPES = YES;
				CLANG_WARN_SUSPICIOUS_MOVE = YES;
				CLANG_WARN_UNGUARDED_AVAILABILITY = YES_AGGRESSIVE;
				CLANG_WARN_UNREACHABLE_CODE = YES;
				CLANG_WARN__DUPLICATE_METHOD_MATCH = YES;
				CODE_SIGN_IDENTITY = "iPhone Developer";
				COPY_PHASE_STRIP = NO;
				DEBUG_INFORMATION_FORMAT = dwarf;
				ENABLE_STRICT_OBJC_MSGSEND = YES;
				ENABLE_TESTABILITY = YES;
				GCC_C_LANGUAGE_STANDARD = gnu11;
				GCC_DYNAMIC_NO_PIC = NO;
				GCC_NO_COMMON_BLOCKS = YES;
				GCC_OPTIMIZATION_LEVEL = 0;
				GCC_PREPROCESSOR_DEFINITIONS = (
					"DEBUG=1",
					"$(inherited)",
				);
				GCC_WARN_64_TO_32_BIT_CONVERSION = YES;
				GCC_WARN_ABOUT_RETURN_TYPE = YES_ERROR;
				GCC_WARN_UNDECLARED_SELECTOR = YES;
				GCC_WARN_UNINITIALIZED_AUTOS = YES_AGGRESSIVE;
				GCC_WARN_UNUSED_FUNCTION = YES;
				GCC_WARN_UNUSED_VARIABLE = YES;
				IPHONEOS_DEPLOYMENT_TARGET = 11.1;
				MTL_ENABLE_DEBUG_INFO = YES;
				ONLY_ACTIVE_ARCH = YES;
				SDKROOT = iphoneos;
				SWIFT_ACTIVE_COMPILATION_CONDITIONS = DEBUG;
				SWIFT_OPTIMIZATION_LEVEL = "-Onone";
			};
			name = Debug;
		};
		311048EA1FB0F873006E6570 /* Release */ = {
			isa = XCBuildConfiguration;
			buildSettings = {
				ALWAYS_SEARCH_USER_PATHS = NO;
				CLANG_ANALYZER_NONNULL = YES;
				CLANG_ANALYZER_NUMBER_OBJECT_CONVERSION = YES_AGGRESSIVE;
				CLANG_CXX_LANGUAGE_STANDARD = "gnu++14";
				CLANG_CXX_LIBRARY = "libc++";
				CLANG_ENABLE_MODULES = YES;
				CLANG_ENABLE_OBJC_ARC = YES;
				CLANG_WARN_BLOCK_CAPTURE_AUTORELEASING = YES;
				CLANG_WARN_BOOL_CONVERSION = YES;
				CLANG_WARN_COMMA = YES;
				CLANG_WARN_CONSTANT_CONVERSION = YES;
				CLANG_WARN_DIRECT_OBJC_ISA_USAGE = YES_ERROR;
				CLANG_WARN_DOCUMENTATION_COMMENTS = YES;
				CLANG_WARN_EMPTY_BODY = YES;
				CLANG_WARN_ENUM_CONVERSION = YES;
				CLANG_WARN_INFINITE_RECURSION = YES;
				CLANG_WARN_INT_CONVERSION = YES;
				CLANG_WARN_NON_LITERAL_NULL_CONVERSION = YES;
				CLANG_WARN_OBJC_LITERAL_CONVERSION = YES;
				CLANG_WARN_OBJC_ROOT_CLASS = YES_ERROR;
				CLANG_WARN_RANGE_LOOP_ANALYSIS = YES;
				CLANG_WARN_STRICT_PROTOTYPES = YES;
				CLANG_WARN_SUSPICIOUS_MOVE = YES;
				CLANG_WARN_UNGUARDED_AVAILABILITY = YES_AGGRESSIVE;
				CLANG_WARN_UNREACHABLE_CODE = YES;
				CLANG_WARN__DUPLICATE_METHOD_MATCH = YES;
				CODE_SIGN_IDENTITY = "iPhone Developer";
				COPY_PHASE_STRIP = NO;
				DEBUG_INFORMATION_FORMAT = "dwarf-with-dsym";
				ENABLE_NS_ASSERTIONS = NO;
				ENABLE_STRICT_OBJC_MSGSEND = YES;
				GCC_C_LANGUAGE_STANDARD = gnu11;
				GCC_NO_COMMON_BLOCKS = YES;
				GCC_WARN_64_TO_32_BIT_CONVERSION = YES;
				GCC_WARN_ABOUT_RETURN_TYPE = YES_ERROR;
				GCC_WARN_UNDECLARED_SELECTOR = YES;
				GCC_WARN_UNINITIALIZED_AUTOS = YES_AGGRESSIVE;
				GCC_WARN_UNUSED_FUNCTION = YES;
				GCC_WARN_UNUSED_VARIABLE = YES;
				IPHONEOS_DEPLOYMENT_TARGET = 11.1;
				MTL_ENABLE_DEBUG_INFO = NO;
				SDKROOT = iphoneos;
				SWIFT_OPTIMIZATION_LEVEL = "-Owholemodule";
				VALIDATE_PRODUCT = YES;
			};
			name = Release;
		};
		311048EC1FB0F873006E6570 /* Debug */ = {
			isa = XCBuildConfiguration;
			baseConfigurationReference = A28023D17ABA1C776365243D /* Pods-KeyboardFrameChangeListenerDemoApp.debug.xcconfig */;
			buildSettings = {
				ASSETCATALOG_COMPILER_APPICON_NAME = AppIcon;
				CODE_SIGN_STYLE = Automatic;
				INFOPLIST_FILE = DemoApp/Info.plist;
				LD_RUNPATH_SEARCH_PATHS = "$(inherited) @executable_path/Frameworks";
				PRODUCT_BUNDLE_IDENTIFIER = pl.darrarski.KeyboardFrameChangeListenerDemoApp;
				PRODUCT_NAME = "$(TARGET_NAME)";
				SWIFT_VERSION = 4.0;
				TARGETED_DEVICE_FAMILY = "1,2";
			};
			name = Debug;
		};
		311048ED1FB0F873006E6570 /* Release */ = {
			isa = XCBuildConfiguration;
			baseConfigurationReference = A828939A948850414CE76474 /* Pods-KeyboardFrameChangeListenerDemoApp.release.xcconfig */;
			buildSettings = {
				ASSETCATALOG_COMPILER_APPICON_NAME = AppIcon;
				CODE_SIGN_STYLE = Automatic;
				INFOPLIST_FILE = DemoApp/Info.plist;
				LD_RUNPATH_SEARCH_PATHS = "$(inherited) @executable_path/Frameworks";
				PRODUCT_BUNDLE_IDENTIFIER = pl.darrarski.KeyboardFrameChangeListenerDemoApp;
				PRODUCT_NAME = "$(TARGET_NAME)";
				SWIFT_VERSION = 4.0;
				TARGETED_DEVICE_FAMILY = "1,2";
			};
			name = Release;
		};
/* End XCBuildConfiguration section */

/* Begin XCConfigurationList section */
		311048D41FB0F873006E6570 /* Build configuration list for PBXProject "KeyboardFrameChangeListener" */ = {
			isa = XCConfigurationList;
			buildConfigurations = (
				311048E91FB0F873006E6570 /* Debug */,
				311048EA1FB0F873006E6570 /* Release */,
			);
			defaultConfigurationIsVisible = 0;
			defaultConfigurationName = Release;
		};
		311048EB1FB0F873006E6570 /* Build configuration list for PBXNativeTarget "KeyboardFrameChangeListenerDemoApp" */ = {
			isa = XCConfigurationList;
			buildConfigurations = (
				311048EC1FB0F873006E6570 /* Debug */,
				311048ED1FB0F873006E6570 /* Release */,
			);
			defaultConfigurationIsVisible = 0;
			defaultConfigurationName = Release;
		};
/* End XCConfigurationList section */
	};
	rootObject = 311048D11FB0F873006E6570 /* Project object */;
}
